{
  "name": "fast-diff",
  "version": "1.2.0",
  "lockfileVersion": 2,
  "requires": true,
  "packages": {
    "": {
      "version": "1.2.0",
      "license": "Apache-2.0",
      "devDependencies": {
        "lodash": "~3.9.3",
        "seedrandom": "~2.4.0"
      }
    },
    "node_modules/lodash": {
      "version": "3.9.3",
      "resolved": "http://registry.npmjs.org/lodash/-/lodash-3.9.3.tgz",
      "integrity": "sha1-AVnoaDL+/8bWHYUrEqlTuZSWvTI=",
      "dev": true
    },
    "node_modules/seedrandom": {
      "version": "2.4.4",
      "resolved": "https://registry.npmjs.org/seedrandom/-/seedrandom-2.4.4.tgz",
      "integrity": "sha512-9A+PDmgm+2du77B5i0Ip2cxOqqHjgNxnBgglxLcX78A2D6c2rTo61z4jnVABpF4cKeDMDG+cmXXvdnqse2VqMA==",
      "dev": true
    }
  },
  "dependencies": {
    "lodash": {
      "version": "3.9.3",
      "resolved": "http://registry.npmjs.org/lodash/-/lodash-3.9.3.tgz",
      "integrity": "sha1-AVnoaDL+/8bWHYUrEqlTuZSWvTI=",
      "dev": true
    },
    "seedrandom": {
      "version": "2.4.4",
      "resolved": "https://registry.npmjs.org/seedrandom/-/seedrandom-2.4.4.tgz",
      "integrity": "sha512-9A+PDmgm+2du77B5i0Ip2cxOqqHjgNxnBgglxLcX78A2D6c2rTo61z4jnVABpF4cKeDMDG+cmXXvdnqse2VqMA==",
      "dev": true
    }
  }
}
